// !$*UTF8*$!
{
	archiveVersion = 1;
	classes = {
	};
	objectVersion = 50;
	objects = {

/* Begin PBXBuildFile section */
		934EDE032475960D007816ED /* AppDelegate.swift in Sources */ = {isa = PBXBuildFile; fileRef = 934EDE022475960D007816ED /* AppDelegate.swift */; };
		934EDE052475960D007816ED /* SceneDelegate.swift in Sources */ = {isa = PBXBuildFile; fileRef = 934EDE042475960D007816ED /* SceneDelegate.swift */; };
		934EDE072475960D007816ED /* ViewController.swift in Sources */ = {isa = PBXBuildFile; fileRef = 934EDE062475960D007816ED /* ViewController.swift */; };
		934EDE0A2475960D007816ED /* Main.storyboard in Resources */ = {isa = PBXBuildFile; fileRef = 934EDE082475960D007816ED /* Main.storyboard */; };
		934EDE0C2475960F007816ED /* Assets.xcassets in Resources */ = {isa = PBXBuildFile; fileRef = 934EDE0B2475960F007816ED /* Assets.xcassets */; };
		934EDE0F2475960F007816ED /* LaunchScreen.storyboard in Resources */ = {isa = PBXBuildFile; fileRef = 934EDE0D2475960F007816ED /* LaunchScreen.storyboard */; };
		934EDE1724759992007816ED /* JSONParser.swift in Sources */ = {isa = PBXBuildFile; fileRef = 934EDE1624759992007816ED /* JSONParser.swift */; };
		934EDE19247599C5007816ED /* RequestError.swift in Sources */ = {isa = PBXBuildFile; fileRef = 934EDE18247599C5007816ED /* RequestError.swift */; };
		934EDE212475A10F007816ED /* MoviesCoordinator.swift in Sources */ = {isa = PBXBuildFile; fileRef = 934EDE202475A10F007816ED /* MoviesCoordinator.swift */; };
		934EDE232475AA3C007816ED /* TVShowsCoordinator.swift in Sources */ = {isa = PBXBuildFile; fileRef = 934EDE222475AA3C007816ED /* TVShowsCoordinator.swift */; };
		934EDE252475AA4A007816ED /* Coordinator.swift in Sources */ = {isa = PBXBuildFile; fileRef = 934EDE242475AA4A007816ED /* Coordinator.swift */; };
		934EDE272475AA66007816ED /* Storyboarded.swift in Sources */ = {isa = PBXBuildFile; fileRef = 934EDE262475AA66007816ED /* Storyboarded.swift */; };
		934EDE292475AAE1007816ED /* MoviesMainViewController.swift in Sources */ = {isa = PBXBuildFile; fileRef = 934EDE282475AAE1007816ED /* MoviesMainViewController.swift */; };
		934EDE2B2475AB0B007816ED /* TVShowsMainViewController.swift in Sources */ = {isa = PBXBuildFile; fileRef = 934EDE2A2475AB0B007816ED /* TVShowsMainViewController.swift */; };
		934EDE2D2475ABAC007816ED /* MainTabBarController.swift in Sources */ = {isa = PBXBuildFile; fileRef = 934EDE2C2475ABAC007816ED /* MainTabBarController.swift */; };
		934EDE2F2475AC06007816ED /* MoviesMainViewController.storyboard in Resources */ = {isa = PBXBuildFile; fileRef = 934EDE2E2475AC06007816ED /* MoviesMainViewController.storyboard */; };
		934EDE312475AC13007816ED /* TVShowsMainViewController.storyboard in Resources */ = {isa = PBXBuildFile; fileRef = 934EDE302475AC13007816ED /* TVShowsMainViewController.storyboard */; };
		934EDE352476A82D007816ED /* MoviesModel.swift in Sources */ = {isa = PBXBuildFile; fileRef = 934EDE342476A82D007816ED /* MoviesModel.swift */; };
		934EDE3824770CF1007816ED /* ReusableCellTableViewCell.swift in Sources */ = {isa = PBXBuildFile; fileRef = 934EDE3624770CF1007816ED /* ReusableCellTableViewCell.swift */; };
		934EDE3924770CF1007816ED /* ReusableCellTableViewCell.xib in Resources */ = {isa = PBXBuildFile; fileRef = 934EDE3724770CF1007816ED /* ReusableCellTableViewCell.xib */; };
		934EDE3B24781CF5007816ED /* RatingzApppDataHandler.swift in Sources */ = {isa = PBXBuildFile; fileRef = 934EDE3A24781CF5007816ED /* RatingzApppDataHandler.swift */; };
		937D0B3024791FB3007F8B26 /* UIImageView.swift in Sources */ = {isa = PBXBuildFile; fileRef = 937D0B2F24791FB3007F8B26 /* UIImageView.swift */; };
		937D0B34247931D3007F8B26 /* ApiInfo.swift in Sources */ = {isa = PBXBuildFile; fileRef = 937D0B33247931D3007F8B26 /* ApiInfo.swift */; };
		937D0B362479992A007F8B26 /* MoviesDetailsViewController.swift in Sources */ = {isa = PBXBuildFile; fileRef = 937D0B352479992A007F8B26 /* MoviesDetailsViewController.swift */; };
		937D0B382479994D007F8B26 /* MoviesDetailsViewController.storyboard in Resources */ = {isa = PBXBuildFile; fileRef = 937D0B372479994D007F8B26 /* MoviesDetailsViewController.storyboard */; };
		937D0B3D24799B46007F8B26 /* MoviesDetailsCoordinator.swift in Sources */ = {isa = PBXBuildFile; fileRef = 937D0B3C24799B46007F8B26 /* MoviesDetailsCoordinator.swift */; };
		937D0B3F247D1D6D007F8B26 /* UIColor.swift in Sources */ = {isa = PBXBuildFile; fileRef = 937D0B3E247D1D6D007F8B26 /* UIColor.swift */; };
		937D0B412480F5D0007F8B26 /* MoviesMoreLikeThisViewController.storyboard in Resources */ = {isa = PBXBuildFile; fileRef = 937D0B402480F5D0007F8B26 /* MoviesMoreLikeThisViewController.storyboard */; };
		937D0B432480F611007F8B26 /* MoviesMoreLikeThisViewController.swift in Sources */ = {isa = PBXBuildFile; fileRef = 937D0B422480F611007F8B26 /* MoviesMoreLikeThisViewController.swift */; };
		937D0B452480F700007F8B26 /* MoviesMoreLikeThisCoordinator.swift in Sources */ = {isa = PBXBuildFile; fileRef = 937D0B442480F700007F8B26 /* MoviesMoreLikeThisCoordinator.swift */; };
/* End PBXBuildFile section */

/* Begin PBXFileReference section */
		934EDDFF2475960D007816ED /* RatingzAppp.app */ = {isa = PBXFileReference; explicitFileType = wrapper.application; includeInIndex = 0; path = RatingzAppp.app; sourceTree = BUILT_PRODUCTS_DIR; };
		934EDE022475960D007816ED /* AppDelegate.swift */ = {isa = PBXFileReference; lastKnownFileType = sourcecode.swift; path = AppDelegate.swift; sourceTree = "<group>"; };
		934EDE042475960D007816ED /* SceneDelegate.swift */ = {isa = PBXFileReference; lastKnownFileType = sourcecode.swift; path = SceneDelegate.swift; sourceTree = "<group>"; };
		934EDE062475960D007816ED /* ViewController.swift */ = {isa = PBXFileReference; lastKnownFileType = sourcecode.swift; path = ViewController.swift; sourceTree = "<group>"; };
		934EDE092475960D007816ED /* Base */ = {isa = PBXFileReference; lastKnownFileType = file.storyboard; name = Base; path = Base.lproj/Main.storyboard; sourceTree = "<group>"; };
		934EDE0B2475960F007816ED /* Assets.xcassets */ = {isa = PBXFileReference; lastKnownFileType = folder.assetcatalog; path = Assets.xcassets; sourceTree = "<group>"; };
		934EDE0E2475960F007816ED /* Base */ = {isa = PBXFileReference; lastKnownFileType = file.storyboard; name = Base; path = Base.lproj/LaunchScreen.storyboard; sourceTree = "<group>"; };
		934EDE102475960F007816ED /* Info.plist */ = {isa = PBXFileReference; lastKnownFileType = text.plist.xml; path = Info.plist; sourceTree = "<group>"; };
		934EDE1624759992007816ED /* JSONParser.swift */ = {isa = PBXFileReference; lastKnownFileType = sourcecode.swift; path = JSONParser.swift; sourceTree = "<group>"; };
		934EDE18247599C5007816ED /* RequestError.swift */ = {isa = PBXFileReference; lastKnownFileType = sourcecode.swift; path = RequestError.swift; sourceTree = "<group>"; };
		934EDE202475A10F007816ED /* MoviesCoordinator.swift */ = {isa = PBXFileReference; lastKnownFileType = sourcecode.swift; path = MoviesCoordinator.swift; sourceTree = "<group>"; };
		934EDE222475AA3C007816ED /* TVShowsCoordinator.swift */ = {isa = PBXFileReference; lastKnownFileType = sourcecode.swift; path = TVShowsCoordinator.swift; sourceTree = "<group>"; };
		934EDE242475AA4A007816ED /* Coordinator.swift */ = {isa = PBXFileReference; lastKnownFileType = sourcecode.swift; path = Coordinator.swift; sourceTree = "<group>"; };
		934EDE262475AA66007816ED /* Storyboarded.swift */ = {isa = PBXFileReference; lastKnownFileType = sourcecode.swift; path = Storyboarded.swift; sourceTree = "<group>"; };
		934EDE282475AAE1007816ED /* MoviesMainViewController.swift */ = {isa = PBXFileReference; lastKnownFileType = sourcecode.swift; path = MoviesMainViewController.swift; sourceTree = "<group>"; };
		934EDE2A2475AB0B007816ED /* TVShowsMainViewController.swift */ = {isa = PBXFileReference; lastKnownFileType = sourcecode.swift; path = TVShowsMainViewController.swift; sourceTree = "<group>"; };
		934EDE2C2475ABAC007816ED /* MainTabBarController.swift */ = {isa = PBXFileReference; lastKnownFileType = sourcecode.swift; path = MainTabBarController.swift; sourceTree = "<group>"; };
		934EDE2E2475AC06007816ED /* MoviesMainViewController.storyboard */ = {isa = PBXFileReference; lastKnownFileType = file.storyboard; path = MoviesMainViewController.storyboard; sourceTree = "<group>"; };
		934EDE302475AC13007816ED /* TVShowsMainViewController.storyboard */ = {isa = PBXFileReference; lastKnownFileType = file.storyboard; path = TVShowsMainViewController.storyboard; sourceTree = "<group>"; };
		934EDE342476A82D007816ED /* MoviesModel.swift */ = {isa = PBXFileReference; lastKnownFileType = sourcecode.swift; path = MoviesModel.swift; sourceTree = "<group>"; };
		934EDE3624770CF1007816ED /* ReusableCellTableViewCell.swift */ = {isa = PBXFileReference; lastKnownFileType = sourcecode.swift; path = ReusableCellTableViewCell.swift; sourceTree = "<group>"; };
		934EDE3724770CF1007816ED /* ReusableCellTableViewCell.xib */ = {isa = PBXFileReference; lastKnownFileType = file.xib; path = ReusableCellTableViewCell.xib; sourceTree = "<group>"; };
		934EDE3A24781CF5007816ED /* RatingzApppDataHandler.swift */ = {isa = PBXFileReference; lastKnownFileType = sourcecode.swift; path = RatingzApppDataHandler.swift; sourceTree = "<group>"; };
		937D0B2F24791FB3007F8B26 /* UIImageView.swift */ = {isa = PBXFileReference; lastKnownFileType = sourcecode.swift; path = UIImageView.swift; sourceTree = "<group>"; };
		937D0B33247931D3007F8B26 /* ApiInfo.swift */ = {isa = PBXFileReference; lastKnownFileType = sourcecode.swift; path = ApiInfo.swift; sourceTree = "<group>"; };
		937D0B352479992A007F8B26 /* MoviesDetailsViewController.swift */ = {isa = PBXFileReference; lastKnownFileType = sourcecode.swift; path = MoviesDetailsViewController.swift; sourceTree = "<group>"; };
		937D0B372479994D007F8B26 /* MoviesDetailsViewController.storyboard */ = {isa = PBXFileReference; lastKnownFileType = file.storyboard; path = MoviesDetailsViewController.storyboard; sourceTree = "<group>"; };
		937D0B3C24799B46007F8B26 /* MoviesDetailsCoordinator.swift */ = {isa = PBXFileReference; lastKnownFileType = sourcecode.swift; path = MoviesDetailsCoordinator.swift; sourceTree = "<group>"; };
		937D0B3E247D1D6D007F8B26 /* UIColor.swift */ = {isa = PBXFileReference; lastKnownFileType = sourcecode.swift; path = UIColor.swift; sourceTree = "<group>"; };
		937D0B402480F5D0007F8B26 /* MoviesMoreLikeThisViewController.storyboard */ = {isa = PBXFileReference; lastKnownFileType = file.storyboard; path = MoviesMoreLikeThisViewController.storyboard; sourceTree = "<group>"; };
		937D0B422480F611007F8B26 /* MoviesMoreLikeThisViewController.swift */ = {isa = PBXFileReference; lastKnownFileType = sourcecode.swift; path = MoviesMoreLikeThisViewController.swift; sourceTree = "<group>"; };
		937D0B442480F700007F8B26 /* MoviesMoreLikeThisCoordinator.swift */ = {isa = PBXFileReference; lastKnownFileType = sourcecode.swift; path = MoviesMoreLikeThisCoordinator.swift; sourceTree = "<group>"; };
/* End PBXFileReference section */

/* Begin PBXFrameworksBuildPhase section */
		934EDDFC2475960D007816ED /* Frameworks */ = {
			isa = PBXFrameworksBuildPhase;
			buildActionMask = 2147483647;
			files = (
			);
			runOnlyForDeploymentPostprocessing = 0;
		};
/* End PBXFrameworksBuildPhase section */

/* Begin PBXGroup section */
		934EDDF62475960D007816ED = {
			isa = PBXGroup;
			children = (
				934EDE012475960D007816ED /* RatingzAppp */,
				934EDE002475960D007816ED /* Products */,
			);
			sourceTree = "<group>";
		};
		934EDE002475960D007816ED /* Products */ = {
			isa = PBXGroup;
			children = (
				934EDDFF2475960D007816ED /* RatingzAppp.app */,
			);
			name = Products;
			sourceTree = "<group>";
		};
		934EDE012475960D007816ED /* RatingzAppp */ = {
			isa = PBXGroup;
			children = (
				937D0B32247931BA007F8B26 /* Helper */,
				937D0B3124791FB8007F8B26 /* Extension */,
				934EDE1D24759D19007816ED /* Services */,
				934EDE1C24759D11007816ED /* Controller */,
				934EDE1B24759D0A007816ED /* View */,
				934EDE1A24759D04007816ED /* Model */,
				934EDE022475960D007816ED /* AppDelegate.swift */,
				934EDE042475960D007816ED /* SceneDelegate.swift */,
				934EDE062475960D007816ED /* ViewController.swift */,
				934EDE0B2475960F007816ED /* Assets.xcassets */,
				934EDE0D2475960F007816ED /* LaunchScreen.storyboard */,
				934EDE102475960F007816ED /* Info.plist */,
			);
			path = RatingzAppp;
			sourceTree = "<group>";
		};
		934EDE1A24759D04007816ED /* Model */ = {
			isa = PBXGroup;
			children = (
				934EDE342476A82D007816ED /* MoviesModel.swift */,
			);
			path = Model;
			sourceTree = "<group>";
		};
		934EDE1B24759D0A007816ED /* View */ = {
			isa = PBXGroup;
			children = (
				937D0B3A2479998E007F8B26 /* TVShows */,
				937D0B3924799988007F8B26 /* Movies */,
				934EDE082475960D007816ED /* Main.storyboard */,
				934EDE3624770CF1007816ED /* ReusableCellTableViewCell.swift */,
				934EDE3724770CF1007816ED /* ReusableCellTableViewCell.xib */,
				934EDE1E24759D22007816ED /* Coordinator */,
			);
			path = View;
			sourceTree = "<group>";
		};
		934EDE1C24759D11007816ED /* Controller */ = {
			isa = PBXGroup;
			children = (
				934EDE282475AAE1007816ED /* MoviesMainViewController.swift */,
				937D0B352479992A007F8B26 /* MoviesDetailsViewController.swift */,
				937D0B422480F611007F8B26 /* MoviesMoreLikeThisViewController.swift */,
				934EDE2A2475AB0B007816ED /* TVShowsMainViewController.swift */,
				934EDE2C2475ABAC007816ED /* MainTabBarController.swift */,
			);
			path = Controller;
			sourceTree = "<group>";
		};
		934EDE1D24759D19007816ED /* Services */ = {
			isa = PBXGroup;
			children = (
				934EDE1624759992007816ED /* JSONParser.swift */,
				934EDE18247599C5007816ED /* RequestError.swift */,
				934EDE3A24781CF5007816ED /* RatingzApppDataHandler.swift */,
			);
			path = Services;
			sourceTree = "<group>";
		};
		934EDE1E24759D22007816ED /* Coordinator */ = {
			isa = PBXGroup;
			children = (
				934EDE202475A10F007816ED /* MoviesCoordinator.swift */,
				937D0B3C24799B46007F8B26 /* MoviesDetailsCoordinator.swift */,
				937D0B442480F700007F8B26 /* MoviesMoreLikeThisCoordinator.swift */,
				934EDE222475AA3C007816ED /* TVShowsCoordinator.swift */,
				934EDE242475AA4A007816ED /* Coordinator.swift */,
				934EDE262475AA66007816ED /* Storyboarded.swift */,
			);
			path = Coordinator;
			sourceTree = "<group>";
		};
		937D0B3124791FB8007F8B26 /* Extension */ = {
			isa = PBXGroup;
			children = (
				937D0B2F24791FB3007F8B26 /* UIImageView.swift */,
				937D0B3E247D1D6D007F8B26 /* UIColor.swift */,
			);
			path = Extension;
			sourceTree = "<group>";
		};
		937D0B32247931BA007F8B26 /* Helper */ = {
			isa = PBXGroup;
			children = (
				937D0B33247931D3007F8B26 /* ApiInfo.swift */,
			);
			path = Helper;
			sourceTree = "<group>";
		};
		937D0B3924799988007F8B26 /* Movies */ = {
			isa = PBXGroup;
			children = (
				934EDE2E2475AC06007816ED /* MoviesMainViewController.storyboard */,
				937D0B372479994D007F8B26 /* MoviesDetailsViewController.storyboard */,
				937D0B402480F5D0007F8B26 /* MoviesMoreLikeThisViewController.storyboard */,
			);
			path = Movies;
			sourceTree = "<group>";
		};
		937D0B3A2479998E007F8B26 /* TVShows */ = {
			isa = PBXGroup;
			children = (
				934EDE302475AC13007816ED /* TVShowsMainViewController.storyboard */,
			);
			path = TVShows;
			sourceTree = "<group>";
		};
/* End PBXGroup section */

/* Begin PBXNativeTarget section */
		934EDDFE2475960D007816ED /* RatingzAppp */ = {
			isa = PBXNativeTarget;
			buildConfigurationList = 934EDE1324759610007816ED /* Build configuration list for PBXNativeTarget "RatingzAppp" */;
			buildPhases = (
				934EDDFB2475960D007816ED /* Sources */,
				934EDDFC2475960D007816ED /* Frameworks */,
				934EDDFD2475960D007816ED /* Resources */,
			);
			buildRules = (
			);
			dependencies = (
			);
			name = RatingzAppp;
			productName = RatingzAppp;
			productReference = 934EDDFF2475960D007816ED /* RatingzAppp.app */;
			productType = "com.apple.product-type.application";
		};
/* End PBXNativeTarget section */

/* Begin PBXProject section */
		934EDDF72475960D007816ED /* Project object */ = {
			isa = PBXProject;
			attributes = {
				LastSwiftUpdateCheck = 1140;
				LastUpgradeCheck = 1140;
				ORGANIZATIONNAME = "Bruno Kucevic";
				TargetAttributes = {
					934EDDFE2475960D007816ED = {
						CreatedOnToolsVersion = 11.4.1;
					};
				};
			};
			buildConfigurationList = 934EDDFA2475960D007816ED /* Build configuration list for PBXProject "RatingzAppp" */;
			compatibilityVersion = "Xcode 9.3";
			developmentRegion = en;
			hasScannedForEncodings = 0;
			knownRegions = (
				en,
				Base,
			);
			mainGroup = 934EDDF62475960D007816ED;
			productRefGroup = 934EDE002475960D007816ED /* Products */;
			projectDirPath = "";
			projectRoot = "";
			targets = (
				934EDDFE2475960D007816ED /* RatingzAppp */,
			);
		};
/* End PBXProject section */

/* Begin PBXResourcesBuildPhase section */
		934EDDFD2475960D007816ED /* Resources */ = {
			isa = PBXResourcesBuildPhase;
			buildActionMask = 2147483647;
			files = (
				934EDE0F2475960F007816ED /* LaunchScreen.storyboard in Resources */,
				934EDE2F2475AC06007816ED /* MoviesMainViewController.storyboard in Resources */,
				934EDE0C2475960F007816ED /* Assets.xcassets in Resources */,
				934EDE312475AC13007816ED /* TVShowsMainViewController.storyboard in Resources */,
				937D0B412480F5D0007F8B26 /* MoviesMoreLikeThisViewController.storyboard in Resources */,
				934EDE3924770CF1007816ED /* ReusableCellTableViewCell.xib in Resources */,
				937D0B382479994D007F8B26 /* MoviesDetailsViewController.storyboard in Resources */,
				934EDE0A2475960D007816ED /* Main.storyboard in Resources */,
			);
			runOnlyForDeploymentPostprocessing = 0;
		};
/* End PBXResourcesBuildPhase section */

/* Begin PBXSourcesBuildPhase section */
		934EDDFB2475960D007816ED /* Sources */ = {
			isa = PBXSourcesBuildPhase;
			buildActionMask = 2147483647;
			files = (
				934EDE252475AA4A007816ED /* Coordinator.swift in Sources */,
				937D0B452480F700007F8B26 /* MoviesMoreLikeThisCoordinator.swift in Sources */,
				934EDE072475960D007816ED /* ViewController.swift in Sources */,
				934EDE2D2475ABAC007816ED /* MainTabBarController.swift in Sources */,
				934EDE19247599C5007816ED /* RequestError.swift in Sources */,
				934EDE3B24781CF5007816ED /* RatingzApppDataHandler.swift in Sources */,
				937D0B34247931D3007F8B26 /* ApiInfo.swift in Sources */,
				934EDE3824770CF1007816ED /* ReusableCellTableViewCell.swift in Sources */,
				934EDE032475960D007816ED /* AppDelegate.swift in Sources */,
				934EDE212475A10F007816ED /* MoviesCoordinator.swift in Sources */,
				937D0B3F247D1D6D007F8B26 /* UIColor.swift in Sources */,
				937D0B3024791FB3007F8B26 /* UIImageView.swift in Sources */,
				934EDE272475AA66007816ED /* Storyboarded.swift in Sources */,
				934EDE352476A82D007816ED /* MoviesModel.swift in Sources */,
				934EDE292475AAE1007816ED /* MoviesMainViewController.swift in Sources */,
				937D0B3D24799B46007F8B26 /* MoviesDetailsCoordinator.swift in Sources */,
				934EDE1724759992007816ED /* JSONParser.swift in Sources */,
				934EDE052475960D007816ED /* SceneDelegate.swift in Sources */,
				937D0B432480F611007F8B26 /* MoviesMoreLikeThisViewController.swift in Sources */,
				934EDE232475AA3C007816ED /* TVShowsCoordinator.swift in Sources */,
				937D0B362479992A007F8B26 /* MoviesDetailsViewController.swift in Sources */,
				934EDE2B2475AB0B007816ED /* TVShowsMainViewController.swift in Sources */,
			);
			runOnlyForDeploymentPostprocessing = 0;
		};
/* End PBXSourcesBuildPhase section */

/* Begin PBXVariantGroup section */
		934EDE082475960D007816ED /* Main.storyboard */ = {
			isa = PBXVariantGroup;
			children = (
				934EDE092475960D007816ED /* Base */,
			);
			name = Main.storyboard;
			sourceTree = "<group>";
		};
		934EDE0D2475960F007816ED /* LaunchScreen.storyboard */ = {
			isa = PBXVariantGroup;
			children = (
				934EDE0E2475960F007816ED /* Base */,
			);
			name = LaunchScreen.storyboard;
			sourceTree = "<group>";
		};
/* End PBXVariantGroup section */

/* Begin XCBuildConfiguration section */
		934EDE112475960F007816ED /* Debug */ = {
			isa = XCBuildConfiguration;
			buildSettings = {
				ALWAYS_SEARCH_USER_PATHS = NO;
				CLANG_ANALYZER_NONNULL = YES;
				CLANG_ANALYZER_NUMBER_OBJECT_CONVERSION = YES_AGGRESSIVE;
				CLANG_CXX_LANGUAGE_STANDARD = "gnu++14";
				CLANG_CXX_LIBRARY = "libc++";
				CLANG_ENABLE_MODULES = YES;
				CLANG_ENABLE_OBJC_ARC = YES;
				CLANG_ENABLE_OBJC_WEAK = YES;
				CLANG_WARN_BLOCK_CAPTURE_AUTORELEASING = YES;
				CLANG_WARN_BOOL_CONVERSION = YES;
				CLANG_WARN_COMMA = YES;
				CLANG_WARN_CONSTANT_CONVERSION = YES;
				CLANG_WARN_DEPRECATED_OBJC_IMPLEMENTATIONS = YES;
				CLANG_WARN_DIRECT_OBJC_ISA_USAGE = YES_ERROR;
				CLANG_WARN_DOCUMENTATION_COMMENTS = YES;
				CLANG_WARN_EMPTY_BODY = YES;
				CLANG_WARN_ENUM_CONVERSION = YES;
				CLANG_WARN_INFINITE_RECURSION = YES;
				CLANG_WARN_INT_CONVERSION = YES;
				CLANG_WARN_NON_LITERAL_NULL_CONVERSION = YES;
				CLANG_WARN_OBJC_IMPLICIT_RETAIN_SELF = YES;
				CLANG_WARN_OBJC_LITERAL_CONVERSION = YES;
				CLANG_WARN_OBJC_ROOT_CLASS = YES_ERROR;
				CLANG_WARN_RANGE_LOOP_ANALYSIS = YES;
				CLANG_WARN_STRICT_PROTOTYPES = YES;
				CLANG_WARN_SUSPICIOUS_MOVE = YES;
				CLANG_WARN_UNGUARDED_AVAILABILITY = YES_AGGRESSIVE;
				CLANG_WARN_UNREACHABLE_CODE = YES;
				CLANG_WARN__DUPLICATE_METHOD_MATCH = YES;
				COPY_PHASE_STRIP = NO;
				DEBUG_INFORMATION_FORMAT = dwarf;
				ENABLE_STRICT_OBJC_MSGSEND = YES;
				ENABLE_TESTABILITY = YES;
				GCC_C_LANGUAGE_STANDARD = gnu11;
				GCC_DYNAMIC_NO_PIC = NO;
				GCC_NO_COMMON_BLOCKS = YES;
				GCC_OPTIMIZATION_LEVEL = 0;
				GCC_PREPROCESSOR_DEFINITIONS = (
					"DEBUG=1",
					"$(inherited)",
				);
				GCC_WARN_64_TO_32_BIT_CONVERSION = YES;
				GCC_WARN_ABOUT_RETURN_TYPE = YES_ERROR;
				GCC_WARN_UNDECLARED_SELECTOR = YES;
				GCC_WARN_UNINITIALIZED_AUTOS = YES_AGGRESSIVE;
				GCC_WARN_UNUSED_FUNCTION = YES;
				GCC_WARN_UNUSED_VARIABLE = YES;
				IPHONEOS_DEPLOYMENT_TARGET = 13.4;
				MTL_ENABLE_DEBUG_INFO = INCLUDE_SOURCE;
				MTL_FAST_MATH = YES;
				ONLY_ACTIVE_ARCH = YES;
				SDKROOT = iphoneos;
				SWIFT_ACTIVE_COMPILATION_CONDITIONS = DEBUG;
				SWIFT_OPTIMIZATION_LEVEL = "-Onone";
			};
			name = Debug;
		};
		934EDE122475960F007816ED /* Release */ = {
			isa = XCBuildConfiguration;
			buildSettings = {
				ALWAYS_SEARCH_USER_PATHS = NO;
				CLANG_ANALYZER_NONNULL = YES;
				CLANG_ANALYZER_NUMBER_OBJECT_CONVERSION = YES_AGGRESSIVE;
				CLANG_CXX_LANGUAGE_STANDARD = "gnu++14";
				CLANG_CXX_LIBRARY = "libc++";
				CLANG_ENABLE_MODULES = YES;
				CLANG_ENABLE_OBJC_ARC = YES;
				CLANG_ENABLE_OBJC_WEAK = YES;
				CLANG_WARN_BLOCK_CAPTURE_AUTORELEASING = YES;
				CLANG_WARN_BOOL_CONVERSION = YES;
				CLANG_WARN_COMMA = YES;
				CLANG_WARN_CONSTANT_CONVERSION = YES;
				CLANG_WARN_DEPRECATED_OBJC_IMPLEMENTATIONS = YES;
				CLANG_WARN_DIRECT_OBJC_ISA_USAGE = YES_ERROR;
				CLANG_WARN_DOCUMENTATION_COMMENTS = YES;
				CLANG_WARN_EMPTY_BODY = YES;
				CLANG_WARN_ENUM_CONVERSION = YES;
				CLANG_WARN_INFINITE_RECURSION = YES;
				CLANG_WARN_INT_CONVERSION = YES;
				CLANG_WARN_NON_LITERAL_NULL_CONVERSION = YES;
				CLANG_WARN_OBJC_IMPLICIT_RETAIN_SELF = YES;
				CLANG_WARN_OBJC_LITERAL_CONVERSION = YES;
				CLANG_WARN_OBJC_ROOT_CLASS = YES_ERROR;
				CLANG_WARN_RANGE_LOOP_ANALYSIS = YES;
				CLANG_WARN_STRICT_PROTOTYPES = YES;
				CLANG_WARN_SUSPICIOUS_MOVE = YES;
				CLANG_WARN_UNGUARDED_AVAILABILITY = YES_AGGRESSIVE;
				CLANG_WARN_UNREACHABLE_CODE = YES;
				CLANG_WARN__DUPLICATE_METHOD_MATCH = YES;
				COPY_PHASE_STRIP = NO;
				DEBUG_INFORMATION_FORMAT = "dwarf-with-dsym";
				ENABLE_NS_ASSERTIONS = NO;
				ENABLE_STRICT_OBJC_MSGSEND = YES;
				GCC_C_LANGUAGE_STANDARD = gnu11;
				GCC_NO_COMMON_BLOCKS = YES;
				GCC_WARN_64_TO_32_BIT_CONVERSION = YES;
				GCC_WARN_ABOUT_RETURN_TYPE = YES_ERROR;
				GCC_WARN_UNDECLARED_SELECTOR = YES;
				GCC_WARN_UNINITIALIZED_AUTOS = YES_AGGRESSIVE;
				GCC_WARN_UNUSED_FUNCTION = YES;
				GCC_WARN_UNUSED_VARIABLE = YES;
				IPHONEOS_DEPLOYMENT_TARGET = 13.4;
				MTL_ENABLE_DEBUG_INFO = NO;
				MTL_FAST_MATH = YES;
				SDKROOT = iphoneos;
				SWIFT_COMPILATION_MODE = wholemodule;
				SWIFT_OPTIMIZATION_LEVEL = "-O";
				VALIDATE_PRODUCT = YES;
			};
			name = Release;
		};
		934EDE1424759610007816ED /* Debug */ = {
			isa = XCBuildConfiguration;
			buildSettings = {
				ASSETCATALOG_COMPILER_APPICON_NAME = AppIcon;
				CODE_SIGN_STYLE = Automatic;
				DEVELOPMENT_TEAM = 8G87E2766K;
				INFOPLIST_FILE = RatingzAppp/Info.plist;
				LD_RUNPATH_SEARCH_PATHS = (
					"$(inherited)",
					"@executable_path/Frameworks",
				);
				PRODUCT_BUNDLE_IDENTIFIER = brunoKucevic.RatingzAppp;
				PRODUCT_NAME = "$(TARGET_NAME)";
				SWIFT_VERSION = 5.0;
				TARGETED_DEVICE_FAMILY = 1;
			};
			name = Debug;
		};
		934EDE1524759610007816ED /* Release */ = {
			isa = XCBuildConfiguration;
			buildSettings = {
				ASSETCATALOG_COMPILER_APPICON_NAME = AppIcon;
				CODE_SIGN_STYLE = Automatic;
				DEVELOPMENT_TEAM = 8G87E2766K;
				INFOPLIST_FILE = RatingzAppp/Info.plist;
				LD_RUNPATH_SEARCH_PATHS = (
					"$(inherited)",
					"@executable_path/Frameworks",
				);
				PRODUCT_BUNDLE_IDENTIFIER = brunoKucevic.RatingzAppp;
				PRODUCT_NAME = "$(TARGET_NAME)";
				SWIFT_VERSION = 5.0;
				TARGETED_DEVICE_FAMILY = 1;
			};
			name = Release;
		};
/* End XCBuildConfiguration section */

/* Begin XCConfigurationList section */
		934EDDFA2475960D007816ED /* Build configuration list for PBXProject "RatingzAppp" */ = {
			isa = XCConfigurationList;
			buildConfigurations = (
				934EDE112475960F007816ED /* Debug */,
				934EDE122475960F007816ED /* Release */,
			);
			defaultConfigurationIsVisible = 0;
			defaultConfigurationName = Release;
		};
		934EDE1324759610007816ED /* Build configuration list for PBXNativeTarget "RatingzAppp" */ = {
			isa = XCConfigurationList;
			buildConfigurations = (
				934EDE1424759610007816ED /* Debug */,
				934EDE1524759610007816ED /* Release */,
			);
			defaultConfigurationIsVisible = 0;
			defaultConfigurationName = Release;
		};
/* End XCConfigurationList section */
	};
	rootObject = 934EDDF72475960D007816ED /* Project object */;
}
